
Microsoft Visual Studio Solution File, Format Version 12.00
# Visual Studio Version 17
VisualStudioVersion = 17.12.35527.113
MinimumVisualStudioVersion = 10.0.40219.1
Project("{FAE04EC0-301F-11D3-BF4B-00C04F79EFBC}") = "MeuPonto.Web", "src\MeuPonto.Web\MeuPonto.Web.csproj", "{5F9CF52B-5E87-4031-9389-5EA7CF659E5A}"
EndProject
Project("{2150E333-8FDC-42A3-9474-1A3956D46DE8}") = "0 - Specification", "0 - Specification", "{6D7DCA13-725E-4814-AE27-5BFC42CBB583}"
EndProject
Project("{2150E333-8FDC-42A3-9474-1A3956D46DE8}") = "1 - Presentation", "1 - Presentation", "{0E89EC2B-2A3F-4D9C-8F27-02B51772751A}"
EndProject
Project("{2150E333-8FDC-42A3-9474-1A3956D46DE8}") = "2 - Infrastruture", "2 - Infrastruture", "{C6B6BDD1-E47E-43B8-9DAF-B8E6EAA7ADD4}"
EndProject
Project("{2150E333-8FDC-42A3-9474-1A3956D46DE8}") = "3 - Core", "3 - Core", "{9E592ACA-1FD5-4927-A7A6-945131D6C69E}"
EndProject
Project("{2150E333-8FDC-42A3-9474-1A3956D46DE8}") = "4 - Cross-Cutting", "4 - Cross-Cutting", "{E9D0B5B9-7FB6-4BC8-9F2E-98A657381EA1}"
EndProject
Project("{2150E333-8FDC-42A3-9474-1A3956D46DE8}") = "5 - External Dependencies", "5 - External Dependencies", "{311D838B-DEF2-4F5E-821C-E17B77A600A5}"
EndProject
Project("{2150E333-8FDC-42A3-9474-1A3956D46DE8}") = "6 - Resources", "6 - Resources", "{B328D540-7A2A-48C0-9F77-D3D1F4864931}"
EndProject
Project("{FAE04EC0-301F-11D3-BF4B-00C04F79EFBC}") = "System.Extensions", "pkg\System.Extensions\System.Extensions.csproj", "{53806AD2-764B-4945-A52E-88F1F073F01B}"
EndProject
Project("{FAE04EC0-301F-11D3-BF4B-00C04F79EFBC}") = "MeuPonto.DomainModel", "src\MeuPonto.DomainModel\MeuPonto.DomainModel.csproj", "{CF460A19-26E9-4291-BC2E-890148745334}"
EndProject
Project("{2150E333-8FDC-42A3-9474-1A3956D46DE8}") = "Data Services", "Data Services", "{8389ABB5-4376-4145-A81E-97B4C7A6F90D}"
EndProject
Project("{2150E333-8FDC-42A3-9474-1A3956D46DE8}") = "Integration Services", "Integration Services", "{2D11F4E2-1100-49C1-BDC0-D47EE0A02A6D}"
EndProject
Project("{FAE04EC0-301F-11D3-BF4B-00C04F79EFBC}") = "MeuPonto.EntityFrameworkCore", "src\MeuPonto.EntityFrameworkCore\MeuPonto.EntityFrameworkCore.csproj", "{7E80F39B-6F90-43D9-8612-68C525F70E81}"
EndProject
Project("{FAE04EC0-301F-11D3-BF4B-00C04F79EFBC}") = "MeuPonto.EntityFrameworkCore.Sqlite", "src\MeuPonto.EntityFrameworkCore.Sqlite\MeuPonto.EntityFrameworkCore.Sqlite.csproj", "{CE6E652B-3DC3-404C-A73E-74F0248FC085}"
EndProject
Project("{FAE04EC0-301F-11D3-BF4B-00C04F79EFBC}") = "MeuPonto.EntityFrameworkCore.SqlServer", "src\MeuPonto.EntityFrameworkCore.SqlServer\MeuPonto.EntityFrameworkCore.SqlServer.csproj", "{1504B795-61D4-4C85-A798-3DD434482CDA}"
EndProject
Project("{FAE04EC0-301F-11D3-BF4B-00C04F79EFBC}") = "MeuPonto.Specs", "spec\MeuPonto.Specs\MeuPonto.Specs.csproj", "{231832C3-8FA1-4227-B53D-C0303BCCDF19}"
EndProject
Project("{FAE04EC0-301F-11D3-BF4B-00C04F79EFBC}") = "MeuPonto.WebDriver", "spec\MeuPonto.WebDriver\MeuPonto.WebDriver.csproj", "{365CA182-61D9-4897-9A61-666DAD4BEB7D}"
EndProject
Project("{FAE04EC0-301F-11D3-BF4B-00C04F79EFBC}") = "MeuPonto.Web.Tests", "test\MeuPonto.Web.Tests\MeuPonto.Web.Tests.csproj", "{B9FC3915-C794-4975-930A-0215C12A78B5}"
EndProject
Project("{FAE04EC0-301F-11D3-BF4B-00C04F79EFBC}") = "MeuPonto.Desktop", "src\MeuPonto.Desktop\MeuPonto.Desktop.csproj", "{87FF636A-D623-489E-B7C9-52F3469BD510}"
EndProject
Project("{FAE04EC0-301F-11D3-BF4B-00C04F79EFBC}") = "System.Xaml.Extensions", "pkg\System.Xaml.Extensions\System.Xaml.Extensions.csproj", "{1F33B780-66AE-4633-83D6-53F8A6B87D10}"
EndProject
Project("{FAE04EC0-301F-11D3-BF4B-00C04F79EFBC}") = "MeuPonto.DesktopDriver", "spec\MeuPonto.DesktopDriver\MeuPonto.DesktopDriver.csproj", "{A193081C-1F72-47BC-849F-8B94E71F05C6}"
EndProject
Project("{FAE04EC0-301F-11D3-BF4B-00C04F79EFBC}") = "MeuPonto.ApplicationCore", "src\MeuPonto.ApplicationCore\MeuPonto.ApplicationCore.csproj", "{835D65F7-12CC-4E98-8C36-71A0E239CA00}"
EndProject
Project("{FAE04EC0-301F-11D3-BF4B-00C04F79EFBC}") = "MeuPonto.Api", "src\MeuPonto.Api\MeuPonto.Api.csproj", "{81700793-5C28-40F0-96FC-6AF740C1FBB4}"
EndProject
Global
	GlobalSection(SolutionConfigurationPlatforms) = preSolution
		Debug|Any CPU = Debug|Any CPU
		Release|Any CPU = Release|Any CPU
	EndGlobalSection
	GlobalSection(ProjectConfigurationPlatforms) = postSolution
		{5F9CF52B-5E87-4031-9389-5EA7CF659E5A}.Debug|Any CPU.ActiveCfg = Debug|Any CPU
		{5F9CF52B-5E87-4031-9389-5EA7CF659E5A}.Debug|Any CPU.Build.0 = Debug|Any CPU
		{5F9CF52B-5E87-4031-9389-5EA7CF659E5A}.Release|Any CPU.ActiveCfg = Release|Any CPU
		{5F9CF52B-5E87-4031-9389-5EA7CF659E5A}.Release|Any CPU.Build.0 = Release|Any CPU
		{53806AD2-764B-4945-A52E-88F1F073F01B}.Debug|Any CPU.ActiveCfg = Debug|Any CPU
		{53806AD2-764B-4945-A52E-88F1F073F01B}.Debug|Any CPU.Build.0 = Debug|Any CPU
		{53806AD2-764B-4945-A52E-88F1F073F01B}.Release|Any CPU.ActiveCfg = Release|Any CPU
		{53806AD2-764B-4945-A52E-88F1F073F01B}.Release|Any CPU.Build.0 = Release|Any CPU
		{CF460A19-26E9-4291-BC2E-890148745334}.Debug|Any CPU.ActiveCfg = Debug|Any CPU
		{CF460A19-26E9-4291-BC2E-890148745334}.Debug|Any CPU.Build.0 = Debug|Any CPU
		{CF460A19-26E9-4291-BC2E-890148745334}.Release|Any CPU.ActiveCfg = Release|Any CPU
		{CF460A19-26E9-4291-BC2E-890148745334}.Release|Any CPU.Build.0 = Release|Any CPU
		{7E80F39B-6F90-43D9-8612-68C525F70E81}.Debug|Any CPU.ActiveCfg = Debug|Any CPU
		{7E80F39B-6F90-43D9-8612-68C525F70E81}.Debug|Any CPU.Build.0 = Debug|Any CPU
		{7E80F39B-6F90-43D9-8612-68C525F70E81}.Release|Any CPU.ActiveCfg = Release|Any CPU
		{7E80F39B-6F90-43D9-8612-68C525F70E81}.Release|Any CPU.Build.0 = Release|Any CPU
		{CE6E652B-3DC3-404C-A73E-74F0248FC085}.Debug|Any CPU.ActiveCfg = Debug|Any CPU
		{CE6E652B-3DC3-404C-A73E-74F0248FC085}.Debug|Any CPU.Build.0 = Debug|Any CPU
		{CE6E652B-3DC3-404C-A73E-74F0248FC085}.Release|Any CPU.ActiveCfg = Release|Any CPU
		{CE6E652B-3DC3-404C-A73E-74F0248FC085}.Release|Any CPU.Build.0 = Release|Any CPU
		{1504B795-61D4-4C85-A798-3DD434482CDA}.Debug|Any CPU.ActiveCfg = Debug|Any CPU
		{1504B795-61D4-4C85-A798-3DD434482CDA}.Debug|Any CPU.Build.0 = Debug|Any CPU
		{1504B795-61D4-4C85-A798-3DD434482CDA}.Release|Any CPU.ActiveCfg = Release|Any CPU
		{1504B795-61D4-4C85-A798-3DD434482CDA}.Release|Any CPU.Build.0 = Release|Any CPU
		{231832C3-8FA1-4227-B53D-C0303BCCDF19}.Debug|Any CPU.ActiveCfg = Debug|Any CPU
		{231832C3-8FA1-4227-B53D-C0303BCCDF19}.Debug|Any CPU.Build.0 = Debug|Any CPU
		{231832C3-8FA1-4227-B53D-C0303BCCDF19}.Release|Any CPU.ActiveCfg = Release|Any CPU
		{231832C3-8FA1-4227-B53D-C0303BCCDF19}.Release|Any CPU.Build.0 = Release|Any CPU
		{365CA182-61D9-4897-9A61-666DAD4BEB7D}.Debug|Any CPU.ActiveCfg = Debug|Any CPU
		{365CA182-61D9-4897-9A61-666DAD4BEB7D}.Debug|Any CPU.Build.0 = Debug|Any CPU
		{365CA182-61D9-4897-9A61-666DAD4BEB7D}.Release|Any CPU.ActiveCfg = Release|Any CPU
		{365CA182-61D9-4897-9A61-666DAD4BEB7D}.Release|Any CPU.Build.0 = Release|Any CPU
		{B9FC3915-C794-4975-930A-0215C12A78B5}.Debug|Any CPU.ActiveCfg = Debug|Any CPU
		{B9FC3915-C794-4975-930A-0215C12A78B5}.Debug|Any CPU.Build.0 = Debug|Any CPU
		{B9FC3915-C794-4975-930A-0215C12A78B5}.Release|Any CPU.ActiveCfg = Release|Any CPU
		{B9FC3915-C794-4975-930A-0215C12A78B5}.Release|Any CPU.Build.0 = Release|Any CPU
		{87FF636A-D623-489E-B7C9-52F3469BD510}.Debug|Any CPU.ActiveCfg = Debug|Any CPU
		{87FF636A-D623-489E-B7C9-52F3469BD510}.Debug|Any CPU.Build.0 = Debug|Any CPU
		{87FF636A-D623-489E-B7C9-52F3469BD510}.Release|Any CPU.ActiveCfg = Release|Any CPU
		{87FF636A-D623-489E-B7C9-52F3469BD510}.Release|Any CPU.Build.0 = Release|Any CPU
		{1F33B780-66AE-4633-83D6-53F8A6B87D10}.Debug|Any CPU.ActiveCfg = Debug|Any CPU
		{1F33B780-66AE-4633-83D6-53F8A6B87D10}.Debug|Any CPU.Build.0 = Debug|Any CPU
		{1F33B780-66AE-4633-83D6-53F8A6B87D10}.Release|Any CPU.ActiveCfg = Release|Any CPU
		{1F33B780-66AE-4633-83D6-53F8A6B87D10}.Release|Any CPU.Build.0 = Release|Any CPU
		{A193081C-1F72-47BC-849F-8B94E71F05C6}.Debug|Any CPU.ActiveCfg = Debug|Any CPU
		{A193081C-1F72-47BC-849F-8B94E71F05C6}.Debug|Any CPU.Build.0 = Debug|Any CPU
		{A193081C-1F72-47BC-849F-8B94E71F05C6}.Release|Any CPU.ActiveCfg = Release|Any CPU
		{A193081C-1F72-47BC-849F-8B94E71F05C6}.Release|Any CPU.Build.0 = Release|Any CPU
		{835D65F7-12CC-4E98-8C36-71A0E239CA00}.Debug|Any CPU.ActiveCfg = Debug|Any CPU
		{835D65F7-12CC-4E98-8C36-71A0E239CA00}.Debug|Any CPU.Build.0 = Debug|Any CPU
		{835D65F7-12CC-4E98-8C36-71A0E239CA00}.Release|Any CPU.ActiveCfg = Release|Any CPU
		{835D65F7-12CC-4E98-8C36-71A0E239CA00}.Release|Any CPU.Build.0 = Release|Any CPU
		{81700793-5C28-40F0-96FC-6AF740C1FBB4}.Debug|Any CPU.ActiveCfg = Debug|Any CPU
		{81700793-5C28-40F0-96FC-6AF740C1FBB4}.Debug|Any CPU.Build.0 = Debug|Any CPU
		{81700793-5C28-40F0-96FC-6AF740C1FBB4}.Release|Any CPU.ActiveCfg = Release|Any CPU
		{81700793-5C28-40F0-96FC-6AF740C1FBB4}.Release|Any CPU.Build.0 = Release|Any CPU
	EndGlobalSection
	GlobalSection(SolutionProperties) = preSolution
		HideSolutionNode = FALSE
	EndGlobalSection
	GlobalSection(NestedProjects) = preSolution
		{5F9CF52B-5E87-4031-9389-5EA7CF659E5A} = {0E89EC2B-2A3F-4D9C-8F27-02B51772751A}
		{53806AD2-764B-4945-A52E-88F1F073F01B} = {E9D0B5B9-7FB6-4BC8-9F2E-98A657381EA1}
		{CF460A19-26E9-4291-BC2E-890148745334} = {9E592ACA-1FD5-4927-A7A6-945131D6C69E}
		{8389ABB5-4376-4145-A81E-97B4C7A6F90D} = {C6B6BDD1-E47E-43B8-9DAF-B8E6EAA7ADD4}
		{2D11F4E2-1100-49C1-BDC0-D47EE0A02A6D} = {C6B6BDD1-E47E-43B8-9DAF-B8E6EAA7ADD4}
		{7E80F39B-6F90-43D9-8612-68C525F70E81} = {8389ABB5-4376-4145-A81E-97B4C7A6F90D}
		{CE6E652B-3DC3-404C-A73E-74F0248FC085} = {8389ABB5-4376-4145-A81E-97B4C7A6F90D}
		{1504B795-61D4-4C85-A798-3DD434482CDA} = {8389ABB5-4376-4145-A81E-97B4C7A6F90D}
		{231832C3-8FA1-4227-B53D-C0303BCCDF19} = {6D7DCA13-725E-4814-AE27-5BFC42CBB583}
		{365CA182-61D9-4897-9A61-666DAD4BEB7D} = {6D7DCA13-725E-4814-AE27-5BFC42CBB583}
		{B9FC3915-C794-4975-930A-0215C12A78B5} = {0E89EC2B-2A3F-4D9C-8F27-02B51772751A}
		{87FF636A-D623-489E-B7C9-52F3469BD510} = {0E89EC2B-2A3F-4D9C-8F27-02B51772751A}
		{1F33B780-66AE-4633-83D6-53F8A6B87D10} = {E9D0B5B9-7FB6-4BC8-9F2E-98A657381EA1}
		{A193081C-1F72-47BC-849F-8B94E71F05C6} = {6D7DCA13-725E-4814-AE27-5BFC42CBB583}
		{835D65F7-12CC-4E98-8C36-71A0E239CA00} = {9E592ACA-1FD5-4927-A7A6-945131D6C69E}
		{81700793-5C28-40F0-96FC-6AF740C1FBB4} = {0E89EC2B-2A3F-4D9C-8F27-02B51772751A}
	EndGlobalSection
	GlobalSection(ExtensibilityGlobals) = postSolution
		SolutionGuid = {F3311756-FDB3-407A-AEA9-EF151F6AE0B8}
	EndGlobalSection
EndGlobal
